
Microsoft Visual Studio Solution File, Format Version 12.00
# Visual Studio Version 17
VisualStudioVersion = 17.6.33801.468
MinimumVisualStudioVersion = 10.0.40219.1
Project("{FAE04EC0-301F-11D3-BF4B-00C04F79EFBC}") = "SearchService", "SearchService\SearchService.csproj", "{6A27BD6A-B1D7-429C-A4C8-2197A35D7546}"
EndProject
Project("{FAE04EC0-301F-11D3-BF4B-00C04F79EFBC}") = "SearchServiceTests", "SearchServiceTests\SearchServiceTests.csproj", "{FE5AD946-A170-4358-A268-D6529C85C04D}"
EndProject
Global
	GlobalSection(SolutionConfigurationPlatforms) = preSolution
		Debug|Any CPU = Debug|Any CPU
		Release|Any CPU = Release|Any CPU
	EndGlobalSection
	GlobalSection(ProjectConfigurationPlatforms) = postSolution
		{6A27BD6A-B1D7-429C-A4C8-2197A35D7546}.Debug|Any CPU.ActiveCfg = Debug|Any CPU
		{6A27BD6A-B1D7-429C-A4C8-2197A35D7546}.Debug|Any CPU.Build.0 = Debug|Any CPU
		{6A27BD6A-B1D7-429C-A4C8-2197A35D7546}.Release|Any CPU.ActiveCfg = Release|Any CPU
		{6A27BD6A-B1D7-429C-A4C8-2197A35D7546}.Release|Any CPU.Build.0 = Release|Any CPU
		{FE5AD946-A170-4358-A268-D6529C85C04D}.Debug|Any CPU.ActiveCfg = Debug|Any CPU
		{FE5AD946-A170-4358-A268-D6529C85C04D}.Debug|Any CPU.Build.0 = Debug|Any CPU
		{FE5AD946-A170-4358-A268-D6529C85C04D}.Release|Any CPU.ActiveCfg = Release|Any CPU
		{FE5AD946-A170-4358-A268-D6529C85C04D}.Release|Any CPU.Build.0 = Release|Any CPU
	EndGlobalSection
	GlobalSection(SolutionProperties) = preSolution
		HideSolutionNode = FALSE
	EndGlobalSection
	GlobalSection(ExtensibilityGlobals) = postSolution
		SolutionGuid = {C41E3479-2F04-4463-9148-213E9863D735}
	EndGlobalSection
EndGlobal
